// !$*UTF8*$!
{
	archiveVersion = 1;
	classes = {
	};
	objectVersion = 77;
	objects = {

/* Begin PBXBuildFile section */
		1CBE8FB12F6F1896002A24CC /* RealityKitContent in Frameworks */ = {isa = PBXBuildFile; productRef = 1CBE8FB02F6F1896002A24CC /* RealityKitContent */; };
/* End PBXBuildFile section */

/* Begin PBXContainerItemProxy section */
		1CBE8FC82F6F1897002A24CC /* PBXContainerItemProxy */ = {
			isa = PBXContainerItemProxy;
			containerPortal = 1CBE8FA32F6F1896002A24CC /* Project object */;
			proxyType = 1;
			remoteGlobalIDString = 1CBE8FAA2F6F1896002A24CC;
			remoteInfo = VercelDeepmindHack;
		};
/* End PBXContainerItemProxy section */

/* Begin PBXFileReference section */
		1CBE8FAB2F6F1896002A24CC /* VercelDeepmindHack.app */ = {isa = PBXFileReference; explicitFileType = wrapper.application; includeInIndex = 0; path = VercelDeepmindHack.app; sourceTree = BUILT_PRODUCTS_DIR; };
		1CBE8FAF2F6F1896002A24CC /* RealityKitContent */ = {isa = PBXFileReference; lastKnownFileType = wrapper; path = RealityKitContent; sourceTree = "<group>"; };
		1CBE8FC72F6F1897002A24CC /* VercelDeepmindHackTests.xctest */ = {isa = PBXFileReference; explicitFileType = wrapper.cfbundle; includeInIndex = 0; path = VercelDeepmindHackTests.xctest; sourceTree = BUILT_PRODUCTS_DIR; };
/* End PBXFileReference section */

/* Begin PBXFileSystemSynchronizedBuildFileExceptionSet section */
		1CBE8FCD2F6F1897002A24CC /* Exceptions for "VercelDeepmindHack" folder in "VercelDeepmindHack" target */ = {
			isa = PBXFileSystemSynchronizedBuildFileExceptionSet;
			membershipExceptions = (
				Info.plist,
			);
			target = 1CBE8FAA2F6F1896002A24CC /* VercelDeepmindHack */;
		};
/* End PBXFileSystemSynchronizedBuildFileExceptionSet section */

/* Begin PBXFileSystemSynchronizedRootGroup section */
		1CBE8FAD2F6F1896002A24CC /* VercelDeepmindHack */ = {
			isa = PBXFileSystemSynchronizedRootGroup;
			exceptions = (
				1CBE8FCD2F6F1897002A24CC /* Exceptions for "VercelDeepmindHack" folder in "VercelDeepmindHack" target */,
			);
			path = VercelDeepmindHack;
			sourceTree = "<group>";
		};
		1CBE8FCA2F6F1897002A24CC /* VercelDeepmindHackTests */ = {
			isa = PBXFileSystemSynchronizedRootGroup;
			path = VercelDeepmindHackTests;
			sourceTree = "<group>";
		};
/* End PBXFileSystemSynchronizedRootGroup section */

/* Begin PBXFrameworksBuildPhase section */
		1CBE8FA82F6F1896002A24CC /* Frameworks */ = {
			isa = PBXFrameworksBuildPhase;
			buildActionMask = 2147483647;
			files = (
				1CBE8FB12F6F1896002A24CC /* RealityKitContent in Frameworks */,
			);
			runOnlyForDeploymentPostprocessing = 0;
		};
		1CBE8FC42F6F1897002A24CC /* Frameworks */ = {
			isa = PBXFrameworksBuildPhase;
			buildActionMask = 2147483647;
			files = (
			);
			runOnlyForDeploymentPostprocessing = 0;
		};
/* End PBXFrameworksBuildPhase section */

/* Begin PBXGroup section */
		1CBE8FA22F6F1896002A24CC = {
			isa = PBXGroup;
			children = (
				1CBE8FAD2F6F1896002A24CC /* VercelDeepmindHack */,
				1CBE8FAE2F6F1896002A24CC /* Packages */,
				1CBE8FCA2F6F1897002A24CC /* VercelDeepmindHackTests */,
				1CBE8FAC2F6F1896002A24CC /* Products */,
			);
			sourceTree = "<group>";
		};
		1CBE8FAC2F6F1896002A24CC /* Products */ = {
			isa = PBXGroup;
			children = (
				1CBE8FAB2F6F1896002A24CC /* VercelDeepmindHack.app */,
				1CBE8FC72F6F1897002A24CC /* VercelDeepmindHackTests.xctest */,
			);
			name = Products;
			sourceTree = "<group>";
		};
		1CBE8FAE2F6F1896002A24CC /* Packages */ = {
			isa = PBXGroup;
			children = (
				1CBE8FAF2F6F1896002A24CC /* RealityKitContent */,
			);
			path = Packages;
			sourceTree = "<group>";
		};
/* End PBXGroup section */

/* Begin PBXNativeTarget section */
		1CBE8FAA2F6F1896002A24CC /* VercelDeepmindHack */ = {
			isa = PBXNativeTarget;
			buildConfigurationList = 1CBE8FCE2F6F1897002A24CC /* Build configuration list for PBXNativeTarget "VercelDeepmindHack" */;
			buildPhases = (
				1CBE8FA72F6F1896002A24CC /* Sources */,
				1CBE8FA82F6F1896002A24CC /* Frameworks */,
				1CBE8FA92F6F1896002A24CC /* Resources */,
			);
			buildRules = (
			);
			dependencies = (
			);
			fileSystemSynchronizedGroups = (
				1CBE8FAD2F6F1896002A24CC /* VercelDeepmindHack */,
			);
			name = VercelDeepmindHack;
			packageProductDependencies = (
				1CBE8FB02F6F1896002A24CC /* RealityKitContent */,
			);
			productName = VercelDeepmindHack;
			productReference = 1CBE8FAB2F6F1896002A24CC /* VercelDeepmindHack.app */;
			productType = "com.apple.product-type.application";
		};
		1CBE8FC62F6F1897002A24CC /* VercelDeepmindHackTests */ = {
			isa = PBXNativeTarget;
			buildConfigurationList = 1CBE8FD32F6F1897002A24CC /* Build configuration list for PBXNativeTarget "VercelDeepmindHackTests" */;
			buildPhases = (
				1CBE8FC32F6F1897002A24CC /* Sources */,
				1CBE8FC42F6F1897002A24CC /* Frameworks */,
				1CBE8FC52F6F1897002A24CC /* Resources */,
			);
			buildRules = (
			);
			dependencies = (
				1CBE8FC92F6F1897002A24CC /* PBXTargetDependency */,
			);
			fileSystemSynchronizedGroups = (
				1CBE8FCA2F6F1897002A24CC /* VercelDeepmindHackTests */,
			);
			name = VercelDeepmindHackTests;
			packageProductDependencies = (
			);
			productName = VercelDeepmindHackTests;
			productReference = 1CBE8FC72F6F1897002A24CC /* VercelDeepmindHackTests.xctest */;
			productType = "com.apple.product-type.bundle.unit-test";
		};
/* End PBXNativeTarget section */

/* Begin PBXProject section */
		1CBE8FA32F6F1896002A24CC /* Project object */ = {
			isa = PBXProject;
			attributes = {
				BuildIndependentTargetsInParallel = 1;
				LastSwiftUpdateCheck = 2630;
				LastUpgradeCheck = 2630;
				TargetAttributes = {
					1CBE8FAA2F6F1896002A24CC = {
						CreatedOnToolsVersion = 26.3;
					};
					1CBE8FC62F6F1897002A24CC = {
						CreatedOnToolsVersion = 26.3;
						TestTargetID = 1CBE8FAA2F6F1896002A24CC;
					};
				};
			};
			buildConfigurationList = 1CBE8FA62F6F1896002A24CC /* Build configuration list for PBXProject "VercelDeepmindHack" */;
			developmentRegion = en;
			hasScannedForEncodings = 0;
			knownRegions = (
				en,
				Base,
			);
			mainGroup = 1CBE8FA22F6F1896002A24CC;
			minimizedProjectReferenceProxies = 1;
			preferredProjectObjectVersion = 77;
			productRefGroup = 1CBE8FAC2F6F1896002A24CC /* Products */;
			projectDirPath = "";
			projectRoot = "";
			targets = (
				1CBE8FAA2F6F1896002A24CC /* VercelDeepmindHack */,
				1CBE8FC62F6F1897002A24CC /* VercelDeepmindHackTests */,
			);
		};
/* End PBXProject section */

/* Begin PBXResourcesBuildPhase section */
		1CBE8FA92F6F1896002A24CC /* Resources */ = {
			isa = PBXResourcesBuildPhase;
			buildActionMask = 2147483647;
			files = (
			);
			runOnlyForDeploymentPostprocessing = 0;
		};
		1CBE8FC52F6F1897002A24CC /* Resources */ = {
			isa = PBXResourcesBuildPhase;
			buildActionMask = 2147483647;
			files = (
			);
			runOnlyForDeploymentPostprocessing = 0;
		};
/* End PBXResourcesBuildPhase section */

/* Begin PBXSourcesBuildPhase section */
		1CBE8FA72F6F1896002A24CC /* Sources */ = {
			isa = PBXSourcesBuildPhase;
			buildActionMask = 2147483647;
			files = (
			);
			runOnlyForDeploymentPostprocessing = 0;
		};
		1CBE8FC32F6F1897002A24CC /* Sources */ = {
			isa = PBXSourcesBuildPhase;
			buildActionMask = 2147483647;
			files = (
			);
			runOnlyForDeploymentPostprocessing = 0;
		};
/* End PBXSourcesBuildPhase section */

/* Begin PBXTargetDependency section */
		1CBE8FC92F6F1897002A24CC /* PBXTargetDependency */ = {
			isa = PBXTargetDependency;
			target = 1CBE8FAA2F6F1896002A24CC /* VercelDeepmindHack */;
			targetProxy = 1CBE8FC82F6F1897002A24CC /* PBXContainerItemProxy */;
		};
/* End PBXTargetDependency section */

/* Begin XCBuildConfiguration section */
		1CBE8FCF2F6F1897002A24CC /* Debug */ = {
			isa = XCBuildConfiguration;
			buildSettings = {
				ASSETCATALOG_COMPILER_APPICON_NAME = AppIcon;
				ASSETCATALOG_COMPILER_GLOBAL_ACCENT_COLOR_NAME = AccentColor;
				CODE_SIGN_STYLE = Automatic;
				CURRENT_PROJECT_VERSION = 1;
				DEVELOPMENT_TEAM = G7TP5FD688;
				ENABLE_PREVIEWS = YES;
				GENERATE_INFOPLIST_FILE = YES;
				INFOPLIST_FILE = "$(TARGET_NAME)/Info.plist";
				LD_RUNPATH_SEARCH_PATHS = (
					"$(inherited)",
					"@executable_path/Frameworks",
				);
				MARKETING_VERSION = 1.0;
				PRODUCT_BUNDLE_IDENTIFIER = com.snowyla.VercelDeepmindHack;
				PRODUCT_NAME = "$(TARGET_NAME)";
				STRING_CATALOG_GENERATE_SYMBOLS = YES;
				SUPPORTED_PLATFORMS = "xros xrsimulator";
				SWIFT_APPROACHABLE_CONCURRENCY = YES;
				SWIFT_DEFAULT_ACTOR_ISOLATION = MainActor;
				SWIFT_EMIT_LOC_STRINGS = YES;
				SWIFT_UPCOMING_FEATURE_MEMBER_IMPORT_VISIBILITY = YES;
				SWIFT_VERSION = 5.0;
				TARGETED_DEVICE_FAMILY = 7;
			};
			name = Debug;
		};
		1CBE8FD02F6F1897002A24CC /* Release */ = {
			isa = XCBuildConfiguration;
			buildSettings = {
				ASSETCATALOG_COMPILER_APPICON_NAME = AppIcon;
				ASSETCATALOG_COMPILER_GLOBAL_ACCENT_COLOR_NAME = AccentColor;
				CODE_SIGN_STYLE = Automatic;
				CURRENT_PROJECT_VERSION = 1;
				DEVELOPMENT_TEAM = G7TP5FD688;
				ENABLE_PREVIEWS = YES;
				GENERATE_INFOPLIST_FILE = YES;
				INFOPLIST_FILE = "$(TARGET_NAME)/Info.plist";
				LD_RUNPATH_SEARCH_PATHS = (
					"$(inherited)",
					"@executable_path/Frameworks",
				);
				MARKETING_VERSION = 1.0;
				PRODUCT_BUNDLE_IDENTIFIER = com.snowyla.VercelDeepmindHack;
				PRODUCT_NAME = "$(TARGET_NAME)";
				STRING_CATALOG_GENERATE_SYMBOLS = YES;
				SUPPORTED_PLATFORMS = "xros xrsimulator";
				SWIFT_APPROACHABLE_CONCURRENCY = YES;
				SWIFT_DEFAULT_ACTOR_ISOLATION = MainActor;
				SWIFT_EMIT_LOC_STRINGS = YES;
				SWIFT_UPCOMING_FEATURE_MEMBER_IMPORT_VISIBILITY = YES;
				SWIFT_VERSION = 5.0;
				TARGETED_DEVICE_FAMILY = 7;
			};
			name = Release;
		};
		1CBE8FD12F6F1897002A24CC /* Debug */ = {
			isa = XCBuildConfiguration;
			buildSettings = {
				ALWAYS_SEARCH_USER_PATHS = NO;
				ASSETCATALOG_COMPILER_GENERATE_SWIFT_ASSET_SYMBOL_EXTENSIONS = YES;
				CLANG_ANALYZER_NONNULL = YES;
				CLANG_ANALYZER_NUMBER_OBJECT_CONVERSION = YES_AGGRESSIVE;
				CLANG_CXX_LANGUAGE_STANDARD = "gnu++20";
				CLANG_ENABLE_MODULES = YES;
				CLANG_ENABLE_OBJC_ARC = YES;
				CLANG_ENABLE_OBJC_WEAK = YES;
				CLANG_WARN_BLOCK_CAPTURE_AUTORELEASING = YES;
				CLANG_WARN_BOOL_CONVERSION = YES;
				CLANG_WARN_COMMA = YES;
				CLANG_WARN_CONSTANT_CONVERSION = YES;
				CLANG_WARN_DEPRECATED_OBJC_IMPLEMENTATIONS = YES;
				CLANG_WARN_DIRECT_OBJC_ISA_USAGE = YES_ERROR;
				CLANG_WARN_DOCUMENTATION_COMMENTS = YES;
				CLANG_WARN_EMPTY_BODY = YES;
				CLANG_WARN_ENUM_CONVERSION = YES;
				CLANG_WARN_INFINITE_RECURSION = YES;
				CLANG_WARN_INT_CONVERSION = YES;
				CLANG_WARN_NON_LITERAL_NULL_CONVERSION = YES;
				CLANG_WARN_OBJC_IMPLICIT_RETAIN_SELF = YES;
				CLANG_WARN_OBJC_LITERAL_CONVERSION = YES;
				CLANG_WARN_OBJC_ROOT_CLASS = YES_ERROR;
				CLANG_WARN_QUOTED_INCLUDE_IN_FRAMEWORK_HEADER = YES;
				CLANG_WARN_RANGE_LOOP_ANALYSIS = YES;
				CLANG_WARN_STRICT_PROTOTYPES = YES;
				CLANG_WARN_SUSPICIOUS_MOVE = YES;
				CLANG_WARN_UNGUARDED_AVAILABILITY = YES_AGGRESSIVE;
				CLANG_WARN_UNREACHABLE_CODE = YES;
				CLANG_WARN__DUPLICATE_METHOD_MATCH = YES;
				COPY_PHASE_STRIP = NO;
				DEBUG_INFORMATION_FORMAT = dwarf;
				DEVELOPMENT_TEAM = G7TP5FD688;
				ENABLE_STRICT_OBJC_MSGSEND = YES;
				ENABLE_TESTABILITY = YES;
				ENABLE_USER_SCRIPT_SANDBOXING = YES;
				GCC_C_LANGUAGE_STANDARD = gnu17;
				GCC_DYNAMIC_NO_PIC = NO;
				GCC_NO_COMMON_BLOCKS = YES;
				GCC_OPTIMIZATION_LEVEL = 0;
				GCC_PREPROCESSOR_DEFINITIONS = (
					"DEBUG=1",
					"$(inherited)",
				);
				GCC_WARN_64_TO_32_BIT_CONVERSION = YES;
				GCC_WARN_ABOUT_RETURN_TYPE = YES_ERROR;
				GCC_WARN_UNDECLARED_SELECTOR = YES;
				GCC_WARN_UNINITIALIZED_AUTOS = YES_AGGRESSIVE;
				GCC_WARN_UNUSED_FUNCTION = YES;
				GCC_WARN_UNUSED_VARIABLE = YES;
				LOCALIZATION_PREFERS_STRING_CATALOGS = YES;
				MTL_ENABLE_DEBUG_INFO = INCLUDE_SOURCE;
				MTL_FAST_MATH = YES;
				ONLY_ACTIVE_ARCH = YES;
				SDKROOT = xros;
				SWIFT_ACTIVE_COMPILATION_CONDITIONS = "DEBUG $(inherited)";
				SWIFT_OPTIMIZATION_LEVEL = "-Onone";
				XROS_DEPLOYMENT_TARGET = 26.2;
			};
			name = Debug;
		};
		1CBE8FD22F6F1897002A24CC /* Release */ = {
			isa = XCBuildConfiguration;
			buildSettings = {
				ALWAYS_SEARCH_USER_PATHS = NO;
				ASSETCATALOG_COMPILER_GENERATE_SWIFT_ASSET_SYMBOL_EXTENSIONS = YES;
				CLANG_ANALYZER_NONNULL = YES;
				CLANG_ANALYZER_NUMBER_OBJECT_CONVERSION = YES_AGGRESSIVE;
				CLANG_CXX_LANGUAGE_STANDARD = "gnu++20";
				CLANG_ENABLE_MODULES = YES;
				CLANG_ENABLE_OBJC_ARC = YES;
				CLANG_ENABLE_OBJC_WEAK = YES;
				CLANG_WARN_BLOCK_CAPTURE_AUTORELEASING = YES;
				CLANG_WARN_BOOL_CONVERSION = YES;
				CLANG_WARN_COMMA = YES;
				CLANG_WARN_CONSTANT_CONVERSION = YES;
				CLANG_WARN_DEPRECATED_OBJC_IMPLEMENTATIONS = YES;
				CLANG_WARN_DIRECT_OBJC_ISA_USAGE = YES_ERROR;
				CLANG_WARN_DOCUMENTATION_COMMENTS = YES;
				CLANG_WARN_EMPTY_BODY = YES;
				CLANG_WARN_ENUM_CONVERSION = YES;
				CLANG_WARN_INFINITE_RECURSION = YES;
				CLANG_WARN_INT_CONVERSION = YES;
				CLANG_WARN_NON_LITERAL_NULL_CONVERSION = YES;
				CLANG_WARN_OBJC_IMPLICIT_RETAIN_SELF = YES;
				CLANG_WARN_OBJC_LITERAL_CONVERSION = YES;
				CLANG_WARN_OBJC_ROOT_CLASS = YES_ERROR;
				CLANG_WARN_QUOTED_INCLUDE_IN_FRAMEWORK_HEADER = YES;
				CLANG_WARN_RANGE_LOOP_ANALYSIS = YES;
				CLANG_WARN_STRICT_PROTOTYPES = YES;
				CLANG_WARN_SUSPICIOUS_MOVE = YES;
				CLANG_WARN_UNGUARDED_AVAILABILITY = YES_AGGRESSIVE;
				CLANG_WARN_UNREACHABLE_CODE = YES;
				CLANG_WARN__DUPLICATE_METHOD_MATCH = YES;
				COPY_PHASE_STRIP = NO;
				DEBUG_INFORMATION_FORMAT = "dwarf-with-dsym";
				DEVELOPMENT_TEAM = G7TP5FD688;
				ENABLE_NS_ASSERTIONS = NO;
				ENABLE_STRICT_OBJC_MSGSEND = YES;
				ENABLE_USER_SCRIPT_SANDBOXING = YES;
				GCC_C_LANGUAGE_STANDARD = gnu17;
				GCC_NO_COMMON_BLOCKS = YES;
				GCC_WARN_64_TO_32_BIT_CONVERSION = YES;
				GCC_WARN_ABOUT_RETURN_TYPE = YES_ERROR;
				GCC_WARN_UNDECLARED_SELECTOR = YES;
				GCC_WARN_UNINITIALIZED_AUTOS = YES_AGGRESSIVE;
				GCC_WARN_UNUSED_FUNCTION = YES;
				GCC_WARN_UNUSED_VARIABLE = YES;
				LOCALIZATION_PREFERS_STRING_CATALOGS = YES;
				MTL_ENABLE_DEBUG_INFO = NO;
				MTL_FAST_MATH = YES;
				SDKROOT = xros;
				SWIFT_COMPILATION_MODE = wholemodule;
				VALIDATE_PRODUCT = YES;
				XROS_DEPLOYMENT_TARGET = 26.2;
			};
			name = Release;
		};
		1CBE8FD42F6F1897002A24CC /* Debug */ = {
			isa = XCBuildConfiguration;
			buildSettings = {
				BUNDLE_LOADER = "$(TEST_HOST)";
				CODE_SIGN_STYLE = Automatic;
				CURRENT_PROJECT_VERSION = 1;
				DEVELOPMENT_TEAM = G7TP5FD688;
				GENERATE_INFOPLIST_FILE = YES;
				MARKETING_VERSION = 1.0;
				PRODUCT_BUNDLE_IDENTIFIER = com.snowyla.VercelDeepmindHackTests;
				PRODUCT_NAME = "$(TARGET_NAME)";
				STRING_CATALOG_GENERATE_SYMBOLS = NO;
				SUPPORTED_PLATFORMS = "xros xrsimulator";
				SWIFT_APPROACHABLE_CONCURRENCY = YES;
				SWIFT_EMIT_LOC_STRINGS = NO;
				SWIFT_UPCOMING_FEATURE_MEMBER_IMPORT_VISIBILITY = YES;
				SWIFT_VERSION = 5.0;
				TARGETED_DEVICE_FAMILY = 7;
				TEST_HOST = "$(BUILT_PRODUCTS_DIR)/VercelDeepmindHack.app/$(BUNDLE_EXECUTABLE_FOLDER_PATH)/VercelDeepmindHack";
				XROS_DEPLOYMENT_TARGET = 26.2;
			};
			name = Debug;
		};
		1CBE8FD52F6F1897002A24CC /* Release */ = {
			isa = XCBuildConfiguration;
			buildSettings = {
				BUNDLE_LOADER = "$(TEST_HOST)";
				CODE_SIGN_STYLE = Automatic;
				CURRENT_PROJECT_VERSION = 1;
				DEVELOPMENT_TEAM = G7TP5FD688;
				GENERATE_INFOPLIST_FILE = YES;
				MARKETING_VERSION = 1.0;
				PRODUCT_BUNDLE_IDENTIFIER = com.snowyla.VercelDeepmindHackTests;
				PRODUCT_NAME = "$(TARGET_NAME)";
				STRING_CATALOG_GENERATE_SYMBOLS = NO;
				SUPPORTED_PLATFORMS = "xros xrsimulator";
				SWIFT_APPROACHABLE_CONCURRENCY = YES;
				SWIFT_EMIT_LOC_STRINGS = NO;
				SWIFT_UPCOMING_FEATURE_MEMBER_IMPORT_VISIBILITY = YES;
				SWIFT_VERSION = 5.0;
				TARGETED_DEVICE_FAMILY = 7;
				TEST_HOST = "$(BUILT_PRODUCTS_DIR)/VercelDeepmindHack.app/$(BUNDLE_EXECUTABLE_FOLDER_PATH)/VercelDeepmindHack";
				XROS_DEPLOYMENT_TARGET = 26.2;
			};
			name = Release;
		};
/* End XCBuildConfiguration section */

/* Begin XCConfigurationList section */
		1CBE8FA62F6F1896002A24CC /* Build configuration list for PBXProject "VercelDeepmindHack" */ = {
			isa = XCConfigurationList;
			buildConfigurations = (
				1CBE8FD12F6F1897002A24CC /* Debug */,
				1CBE8FD22F6F1897002A24CC /* Release */,
			);
			defaultConfigurationIsVisible = 0;
			defaultConfigurationName = Release;
		};
		1CBE8FCE2F6F1897002A24CC /* Build configuration list for PBXNativeTarget "VercelDeepmindHack" */ = {
			isa = XCConfigurationList;
			buildConfigurations = (
				1CBE8FCF2F6F1897002A24CC /* Debug */,
				1CBE8FD02F6F1897002A24CC /* Release */,
			);
			defaultConfigurationIsVisible = 0;
			defaultConfigurationName = Release;
		};
		1CBE8FD32F6F1897002A24CC /* Build configuration list for PBXNativeTarget "VercelDeepmindHackTests" */ = {
			isa = XCConfigurationList;
			buildConfigurations = (
				1CBE8FD42F6F1897002A24CC /* Debug */,
				1CBE8FD52F6F1897002A24CC /* Release */,
			);
			defaultConfigurationIsVisible = 0;
			defaultConfigurationName = Release;
		};
/* End XCConfigurationList section */

/* Begin XCSwiftPackageProductDependency section */
		1CBE8FB02F6F1896002A24CC /* RealityKitContent */ = {
			isa = XCSwiftPackageProductDependency;
			productName = RealityKitContent;
		};
/* End XCSwiftPackageProductDependency section */
	};
	rootObject = 1CBE8FA32F6F1896002A24CC /* Project object */;
}
